// !$*UTF8*$!
{
	archiveVersion = 1;
	classes = {
	};
	objectVersion = 46;
	objects = {

/* Begin PBXBuildFile section */
		C49D42BB1F82425900051D5A /* DairyMissionViewController.swift in Sources */ = {isa = PBXBuildFile; fileRef = C49D42B81F82425900051D5A /* DairyMissionViewController.swift */; };
		C49D42BC1F82425900051D5A /* MissionViewController.swift in Sources */ = {isa = PBXBuildFile; fileRef = C49D42B91F82425900051D5A /* MissionViewController.swift */; };
		C6F719F2B6CEB9EAA83D2C71 /* Pods_ezk_marathon_training.framework in Frameworks */ = {isa = PBXBuildFile; fileRef = 481E556683D351EDC32E33A7 /* Pods_ezk_marathon_training.framework */; };
		D40B931F1F821C4900FDD362 /* ranking.storyboard in Resources */ = {isa = PBXBuildFile; fileRef = D40B931E1F821C4900FDD362 /* ranking.storyboard */; };
		D40B93211F821F6E00FDD362 /* misson.storyboard in Resources */ = {isa = PBXBuildFile; fileRef = D40B93201F821F6E00FDD362 /* misson.storyboard */; };
		D40B93231F82206100FDD362 /* others.storyboard in Resources */ = {isa = PBXBuildFile; fileRef = D40B93221F82206100FDD362 /* others.storyboard */; };
		D40B93251F82213F00FDD362 /* battle.storyboard in Resources */ = {isa = PBXBuildFile; fileRef = D40B93241F82213F00FDD362 /* battle.storyboard */; };
		D40B93271F82224B00FDD362 /* home.storyboard in Resources */ = {isa = PBXBuildFile; fileRef = D40B93261F82224B00FDD362 /* home.storyboard */; };
		D42668681F7E5A2A00E02A1B /* Gamescene_home.swift in Sources */ = {isa = PBXBuildFile; fileRef = D42668671F7E5A2A00E02A1B /* Gamescene_home.swift */; };
		D47884AA1F7A688B009E2720 /* AppDelegate.swift in Sources */ = {isa = PBXBuildFile; fileRef = D47884A91F7A688B009E2720 /* AppDelegate.swift */; };
		D47884AC1F7A688B009E2720 /* ViewController.swift in Sources */ = {isa = PBXBuildFile; fileRef = D47884AB1F7A688B009E2720 /* ViewController.swift */; };
		D47884AF1F7A688B009E2720 /* Main.storyboard in Resources */ = {isa = PBXBuildFile; fileRef = D47884AD1F7A688B009E2720 /* Main.storyboard */; };
		D47884B11F7A688B009E2720 /* Assets.xcassets in Resources */ = {isa = PBXBuildFile; fileRef = D47884B01F7A688B009E2720 /* Assets.xcassets */; };
		D47884B41F7A688B009E2720 /* LaunchScreen.storyboard in Resources */ = {isa = PBXBuildFile; fileRef = D47884B21F7A688B009E2720 /* LaunchScreen.storyboard */; };
		D47884BF1F7A688C009E2720 /* ezk_marathon_trainingTests.swift in Sources */ = {isa = PBXBuildFile; fileRef = D47884BE1F7A688C009E2720 /* ezk_marathon_trainingTests.swift */; };
		D47884CA1F7A688C009E2720 /* ezk_marathon_trainingUITests.swift in Sources */ = {isa = PBXBuildFile; fileRef = D47884C91F7A688C009E2720 /* ezk_marathon_trainingUITests.swift */; };
		EA7FA4521C41B93134E8C901 /* Pods_ezk_marathon_trainingTests.framework in Frameworks */ = {isa = PBXBuildFile; fileRef = 07EBBA14865157B3933A7D43 /* Pods_ezk_marathon_trainingTests.framework */; };
		EFD0DCC7D46255AD791526AE /* Pods_ezk_marathon_trainingUITests.framework in Frameworks */ = {isa = PBXBuildFile; fileRef = 224C0F99035BA7400A148F9E /* Pods_ezk_marathon_trainingUITests.framework */; };
/* End PBXBuildFile section */

/* Begin PBXContainerItemProxy section */
		D47884BB1F7A688C009E2720 /* PBXContainerItemProxy */ = {
			isa = PBXContainerItemProxy;
			containerPortal = D478849E1F7A688B009E2720 /* Project object */;
			proxyType = 1;
			remoteGlobalIDString = D47884A51F7A688B009E2720;
			remoteInfo = ezk_marathon_training;
		};
		D47884C61F7A688C009E2720 /* PBXContainerItemProxy */ = {
			isa = PBXContainerItemProxy;
			containerPortal = D478849E1F7A688B009E2720 /* Project object */;
			proxyType = 1;
			remoteGlobalIDString = D47884A51F7A688B009E2720;
			remoteInfo = ezk_marathon_training;
		};
/* End PBXContainerItemProxy section */

/* Begin PBXFileReference section */
		07EBBA14865157B3933A7D43 /* Pods_ezk_marathon_trainingTests.framework */ = {isa = PBXFileReference; explicitFileType = wrapper.framework; includeInIndex = 0; path = Pods_ezk_marathon_trainingTests.framework; sourceTree = BUILT_PRODUCTS_DIR; };
		224C0F99035BA7400A148F9E /* Pods_ezk_marathon_trainingUITests.framework */ = {isa = PBXFileReference; explicitFileType = wrapper.framework; includeInIndex = 0; path = Pods_ezk_marathon_trainingUITests.framework; sourceTree = BUILT_PRODUCTS_DIR; };
		481E556683D351EDC32E33A7 /* Pods_ezk_marathon_training.framework */ = {isa = PBXFileReference; explicitFileType = wrapper.framework; includeInIndex = 0; path = Pods_ezk_marathon_training.framework; sourceTree = BUILT_PRODUCTS_DIR; };
		695C238AB18095805423FC3C /* Pods-ezk_marathon_training.release.xcconfig */ = {isa = PBXFileReference; includeInIndex = 1; lastKnownFileType = text.xcconfig; name = "Pods-ezk_marathon_training.release.xcconfig"; path = "Pods/Target Support Files/Pods-ezk_marathon_training/Pods-ezk_marathon_training.release.xcconfig"; sourceTree = "<group>"; };
		9FCF60A3D9EBE7D3AB522A99 /* Pods-ezk_marathon_trainingUITests.release.xcconfig */ = {isa = PBXFileReference; includeInIndex = 1; lastKnownFileType = text.xcconfig; name = "Pods-ezk_marathon_trainingUITests.release.xcconfig"; path = "Pods/Target Support Files/Pods-ezk_marathon_trainingUITests/Pods-ezk_marathon_trainingUITests.release.xcconfig"; sourceTree = "<group>"; };
		A71FF69C2D73C315496422DC /* Pods-ezk_marathon_trainingTests.release.xcconfig */ = {isa = PBXFileReference; includeInIndex = 1; lastKnownFileType = text.xcconfig; name = "Pods-ezk_marathon_trainingTests.release.xcconfig"; path = "Pods/Target Support Files/Pods-ezk_marathon_trainingTests/Pods-ezk_marathon_trainingTests.release.xcconfig"; sourceTree = "<group>"; };
		AF0674828A42E0F3C0103950 /* Pods-ezk_marathon_training.debug.xcconfig */ = {isa = PBXFileReference; includeInIndex = 1; lastKnownFileType = text.xcconfig; name = "Pods-ezk_marathon_training.debug.xcconfig"; path = "Pods/Target Support Files/Pods-ezk_marathon_training/Pods-ezk_marathon_training.debug.xcconfig"; sourceTree = "<group>"; };
		C49D42B81F82425900051D5A /* DairyMissionViewController.swift */ = {isa = PBXFileReference; fileEncoding = 4; lastKnownFileType = sourcecode.swift; name = DairyMissionViewController.swift; path = ../../../../.Trash/DairyMissionViewController.swift; sourceTree = "<group>"; };
		C49D42B91F82425900051D5A /* MissionViewController.swift */ = {isa = PBXFileReference; fileEncoding = 4; lastKnownFileType = sourcecode.swift; name = MissionViewController.swift; path = ../../../../.Trash/MissionViewController.swift; sourceTree = "<group>"; };
		D1F172567EA0ED8A3F0B28A3 /* Pods-ezk_marathon_trainingTests.debug.xcconfig */ = {isa = PBXFileReference; includeInIndex = 1; lastKnownFileType = text.xcconfig; name = "Pods-ezk_marathon_trainingTests.debug.xcconfig"; path = "Pods/Target Support Files/Pods-ezk_marathon_trainingTests/Pods-ezk_marathon_trainingTests.debug.xcconfig"; sourceTree = "<group>"; };
		D40B931E1F821C4900FDD362 /* ranking.storyboard */ = {isa = PBXFileReference; fileEncoding = 4; lastKnownFileType = file.storyboard; path = ranking.storyboard; sourceTree = "<group>"; };
		D40B93201F821F6E00FDD362 /* misson.storyboard */ = {isa = PBXFileReference; fileEncoding = 4; lastKnownFileType = file.storyboard; path = misson.storyboard; sourceTree = "<group>"; };
		D40B93221F82206100FDD362 /* others.storyboard */ = {isa = PBXFileReference; fileEncoding = 4; lastKnownFileType = file.storyboard; path = others.storyboard; sourceTree = "<group>"; };
		D40B93241F82213F00FDD362 /* battle.storyboard */ = {isa = PBXFileReference; fileEncoding = 4; lastKnownFileType = file.storyboard; path = battle.storyboard; sourceTree = "<group>"; };
		D40B93261F82224B00FDD362 /* home.storyboard */ = {isa = PBXFileReference; fileEncoding = 4; lastKnownFileType = file.storyboard; path = home.storyboard; sourceTree = "<group>"; };
		D42668671F7E5A2A00E02A1B /* Gamescene_home.swift */ = {isa = PBXFileReference; fileEncoding = 4; lastKnownFileType = sourcecode.swift; path = Gamescene_home.swift; sourceTree = "<group>"; };
		D47884A61F7A688B009E2720 /* ezk_marathon_training.app */ = {isa = PBXFileReference; explicitFileType = wrapper.application; includeInIndex = 0; path = ezk_marathon_training.app; sourceTree = BUILT_PRODUCTS_DIR; };
		D47884A91F7A688B009E2720 /* AppDelegate.swift */ = {isa = PBXFileReference; lastKnownFileType = sourcecode.swift; path = AppDelegate.swift; sourceTree = "<group>"; };
		D47884AB1F7A688B009E2720 /* ViewController.swift */ = {isa = PBXFileReference; lastKnownFileType = sourcecode.swift; path = ViewController.swift; sourceTree = "<group>"; };
		D47884AE1F7A688B009E2720 /* Base */ = {isa = PBXFileReference; lastKnownFileType = file.storyboard; name = Base; path = Base.lproj/Main.storyboard; sourceTree = "<group>"; };
		D47884B01F7A688B009E2720 /* Assets.xcassets */ = {isa = PBXFileReference; lastKnownFileType = folder.assetcatalog; path = Assets.xcassets; sourceTree = "<group>"; };
		D47884B31F7A688B009E2720 /* Base */ = {isa = PBXFileReference; lastKnownFileType = file.storyboard; name = Base; path = Base.lproj/LaunchScreen.storyboard; sourceTree = "<group>"; };
		D47884B51F7A688B009E2720 /* Info.plist */ = {isa = PBXFileReference; lastKnownFileType = text.plist.xml; path = Info.plist; sourceTree = "<group>"; };
		D47884BA1F7A688C009E2720 /* ezk_marathon_trainingTests.xctest */ = {isa = PBXFileReference; explicitFileType = wrapper.cfbundle; includeInIndex = 0; path = ezk_marathon_trainingTests.xctest; sourceTree = BUILT_PRODUCTS_DIR; };
		D47884BE1F7A688C009E2720 /* ezk_marathon_trainingTests.swift */ = {isa = PBXFileReference; lastKnownFileType = sourcecode.swift; path = ezk_marathon_trainingTests.swift; sourceTree = "<group>"; };
		D47884C01F7A688C009E2720 /* Info.plist */ = {isa = PBXFileReference; lastKnownFileType = text.plist.xml; path = Info.plist; sourceTree = "<group>"; };
		D47884C51F7A688C009E2720 /* ezk_marathon_trainingUITests.xctest */ = {isa = PBXFileReference; explicitFileType = wrapper.cfbundle; includeInIndex = 0; path = ezk_marathon_trainingUITests.xctest; sourceTree = BUILT_PRODUCTS_DIR; };
		D47884C91F7A688C009E2720 /* ezk_marathon_trainingUITests.swift */ = {isa = PBXFileReference; lastKnownFileType = sourcecode.swift; path = ezk_marathon_trainingUITests.swift; sourceTree = "<group>"; };
		D47884CB1F7A688C009E2720 /* Info.plist */ = {isa = PBXFileReference; lastKnownFileType = text.plist.xml; path = Info.plist; sourceTree = "<group>"; };
		F6F45B1A80D4940C2697C6F4 /* Pods-ezk_marathon_trainingUITests.debug.xcconfig */ = {isa = PBXFileReference; includeInIndex = 1; lastKnownFileType = text.xcconfig; name = "Pods-ezk_marathon_trainingUITests.debug.xcconfig"; path = "Pods/Target Support Files/Pods-ezk_marathon_trainingUITests/Pods-ezk_marathon_trainingUITests.debug.xcconfig"; sourceTree = "<group>"; };
/* End PBXFileReference section */

/* Begin PBXFrameworksBuildPhase section */
		D47884A31F7A688B009E2720 /* Frameworks */ = {
			isa = PBXFrameworksBuildPhase;
			buildActionMask = 2147483647;
			files = (
				C6F719F2B6CEB9EAA83D2C71 /* Pods_ezk_marathon_training.framework in Frameworks */,
			);
			runOnlyForDeploymentPostprocessing = 0;
		};
		D47884B71F7A688B009E2720 /* Frameworks */ = {
			isa = PBXFrameworksBuildPhase;
			buildActionMask = 2147483647;
			files = (
				EA7FA4521C41B93134E8C901 /* Pods_ezk_marathon_trainingTests.framework in Frameworks */,
			);
			runOnlyForDeploymentPostprocessing = 0;
		};
		D47884C21F7A688C009E2720 /* Frameworks */ = {
			isa = PBXFrameworksBuildPhase;
			buildActionMask = 2147483647;
			files = (
				EFD0DCC7D46255AD791526AE /* Pods_ezk_marathon_trainingUITests.framework in Frameworks */,
			);
			runOnlyForDeploymentPostprocessing = 0;
		};
/* End PBXFrameworksBuildPhase section */

/* Begin PBXGroup section */
		A1FF49E4513B79DBE8B6D5D1 /* Pods */ = {
			isa = PBXGroup;
			children = (
				AF0674828A42E0F3C0103950 /* Pods-ezk_marathon_training.debug.xcconfig */,
				695C238AB18095805423FC3C /* Pods-ezk_marathon_training.release.xcconfig */,
				D1F172567EA0ED8A3F0B28A3 /* Pods-ezk_marathon_trainingTests.debug.xcconfig */,
				A71FF69C2D73C315496422DC /* Pods-ezk_marathon_trainingTests.release.xcconfig */,
				F6F45B1A80D4940C2697C6F4 /* Pods-ezk_marathon_trainingUITests.debug.xcconfig */,
				9FCF60A3D9EBE7D3AB522A99 /* Pods-ezk_marathon_trainingUITests.release.xcconfig */,
			);
			name = Pods;
			sourceTree = "<group>";
		};
		BFE011B085B9FC02FB591C1E /* Frameworks */ = {
			isa = PBXGroup;
			children = (
				481E556683D351EDC32E33A7 /* Pods_ezk_marathon_training.framework */,
				07EBBA14865157B3933A7D43 /* Pods_ezk_marathon_trainingTests.framework */,
				224C0F99035BA7400A148F9E /* Pods_ezk_marathon_trainingUITests.framework */,
			);
			name = Frameworks;
			sourceTree = "<group>";
		};
		D478849D1F7A688B009E2720 = {
			isa = PBXGroup;
			children = (
				D47884A81F7A688B009E2720 /* ezk_marathon_training */,
				D47884BD1F7A688C009E2720 /* ezk_marathon_trainingTests */,
				D47884C81F7A688C009E2720 /* ezk_marathon_trainingUITests */,
				D47884A71F7A688B009E2720 /* Products */,
				A1FF49E4513B79DBE8B6D5D1 /* Pods */,
				BFE011B085B9FC02FB591C1E /* Frameworks */,
			);
			sourceTree = "<group>";
		};
		D47884A71F7A688B009E2720 /* Products */ = {
			isa = PBXGroup;
			children = (
				D47884A61F7A688B009E2720 /* ezk_marathon_training.app */,
				D47884BA1F7A688C009E2720 /* ezk_marathon_trainingTests.xctest */,
				D47884C51F7A688C009E2720 /* ezk_marathon_trainingUITests.xctest */,
			);
			name = Products;
			sourceTree = "<group>";
		};
		D47884A81F7A688B009E2720 /* ezk_marathon_training */ = {
			isa = PBXGroup;
			children = (
				D40B93201F821F6E00FDD362 /* misson.storyboard */,
				C49D42B91F82425900051D5A /* MissionViewController.swift */,
				C49D42B81F82425900051D5A /* DairyMissionViewController.swift */,
				D47884A91F7A688B009E2720 /* AppDelegate.swift */,
				D47884AB1F7A688B009E2720 /* ViewController.swift */,
				D47884AD1F7A688B009E2720 /* Main.storyboard */,
				D40B93261F82224B00FDD362 /* home.storyboard */,
				D40B93241F82213F00FDD362 /* battle.storyboard */,
				D40B931E1F821C4900FDD362 /* ranking.storyboard */,
				D40B93221F82206100FDD362 /* others.storyboard */,
				D42668671F7E5A2A00E02A1B /* Gamescene_home.swift */,
				D47884B01F7A688B009E2720 /* Assets.xcassets */,
				D47884B21F7A688B009E2720 /* LaunchScreen.storyboard */,
				D47884B51F7A688B009E2720 /* Info.plist */,
			);
			path = ezk_marathon_training;
			sourceTree = "<group>";
		};
		D47884BD1F7A688C009E2720 /* ezk_marathon_trainingTests */ = {
			isa = PBXGroup;
			children = (
				D47884BE1F7A688C009E2720 /* ezk_marathon_trainingTests.swift */,
				D47884C01F7A688C009E2720 /* Info.plist */,
			);
			path = ezk_marathon_trainingTests;
			sourceTree = "<group>";
		};
		D47884C81F7A688C009E2720 /* ezk_marathon_trainingUITests */ = {
			isa = PBXGroup;
			children = (
				D47884C91F7A688C009E2720 /* ezk_marathon_trainingUITests.swift */,
				D47884CB1F7A688C009E2720 /* Info.plist */,
			);
			path = ezk_marathon_trainingUITests;
			sourceTree = "<group>";
		};
/* End PBXGroup section */

/* Begin PBXNativeTarget section */
		D47884A51F7A688B009E2720 /* ezk_marathon_training */ = {
			isa = PBXNativeTarget;
			buildConfigurationList = D47884CE1F7A688C009E2720 /* Build configuration list for PBXNativeTarget "ezk_marathon_training" */;
			buildPhases = (
				376DD5EAFA9C81FE7CDEEF65 /* [CP] Check Pods Manifest.lock */,
				D47884A21F7A688B009E2720 /* Sources */,
				D47884A31F7A688B009E2720 /* Frameworks */,
				D47884A41F7A688B009E2720 /* Resources */,
				4B1DFAF8F8D78BD54EFF23F3 /* [CP] Embed Pods Frameworks */,
				DDFA8A5C4E3D9FC9E82DCFB8 /* [CP] Copy Pods Resources */,
			);
			buildRules = (
			);
			dependencies = (
			);
			name = ezk_marathon_training;
			productName = ezk_marathon_training;
			productReference = D47884A61F7A688B009E2720 /* ezk_marathon_training.app */;
			productType = "com.apple.product-type.application";
		};
		D47884B91F7A688B009E2720 /* ezk_marathon_trainingTests */ = {
			isa = PBXNativeTarget;
			buildConfigurationList = D47884D11F7A688C009E2720 /* Build configuration list for PBXNativeTarget "ezk_marathon_trainingTests" */;
			buildPhases = (
				F9C7161A8A6585453FEB60B8 /* [CP] Check Pods Manifest.lock */,
				D47884B61F7A688B009E2720 /* Sources */,
				D47884B71F7A688B009E2720 /* Frameworks */,
				D47884B81F7A688B009E2720 /* Resources */,
				16FA40D91F52F8F2C6BC4294 /* [CP] Embed Pods Frameworks */,
				8D37806C7C9D09FE16227C0C /* [CP] Copy Pods Resources */,
			);
			buildRules = (
			);
			dependencies = (
				D47884BC1F7A688C009E2720 /* PBXTargetDependency */,
			);
			name = ezk_marathon_trainingTests;
			productName = ezk_marathon_trainingTests;
			productReference = D47884BA1F7A688C009E2720 /* ezk_marathon_trainingTests.xctest */;
			productType = "com.apple.product-type.bundle.unit-test";
		};
		D47884C41F7A688C009E2720 /* ezk_marathon_trainingUITests */ = {
			isa = PBXNativeTarget;
			buildConfigurationList = D47884D41F7A688C009E2720 /* Build configuration list for PBXNativeTarget "ezk_marathon_trainingUITests" */;
			buildPhases = (
				BEBAEEA410426EDC630AFE17 /* [CP] Check Pods Manifest.lock */,
				D47884C11F7A688C009E2720 /* Sources */,
				D47884C21F7A688C009E2720 /* Frameworks */,
				D47884C31F7A688C009E2720 /* Resources */,
				F47DE4CB7083739C8436C105 /* [CP] Embed Pods Frameworks */,
				32FE4F92B37B2565C5AEAC0D /* [CP] Copy Pods Resources */,
			);
			buildRules = (
			);
			dependencies = (
				D47884C71F7A688C009E2720 /* PBXTargetDependency */,
			);
			name = ezk_marathon_trainingUITests;
			productName = ezk_marathon_trainingUITests;
			productReference = D47884C51F7A688C009E2720 /* ezk_marathon_trainingUITests.xctest */;
			productType = "com.apple.product-type.bundle.ui-testing";
		};
/* End PBXNativeTarget section */

/* Begin PBXProject section */
		D478849E1F7A688B009E2720 /* Project object */ = {
			isa = PBXProject;
			attributes = {
				LastSwiftUpdateCheck = 0830;
				LastUpgradeCheck = 0830;
				ORGANIZATIONNAME = "Kazuki Kanamaru";
				TargetAttributes = {
					D47884A51F7A688B009E2720 = {
						CreatedOnToolsVersion = 8.3.3;
						ProvisioningStyle = Automatic;
					};
					D47884B91F7A688B009E2720 = {
						CreatedOnToolsVersion = 8.3.3;
						ProvisioningStyle = Automatic;
						TestTargetID = D47884A51F7A688B009E2720;
					};
					D47884C41F7A688C009E2720 = {
						CreatedOnToolsVersion = 8.3.3;
						ProvisioningStyle = Automatic;
						TestTargetID = D47884A51F7A688B009E2720;
					};
				};
			};
			buildConfigurationList = D47884A11F7A688B009E2720 /* Build configuration list for PBXProject "ezk_marathon_training" */;
			compatibilityVersion = "Xcode 3.2";
			developmentRegion = English;
			hasScannedForEncodings = 0;
			knownRegions = (
				en,
				Base,
			);
			mainGroup = D478849D1F7A688B009E2720;
			productRefGroup = D47884A71F7A688B009E2720 /* Products */;
			projectDirPath = "";
			projectRoot = "";
			targets = (
				D47884A51F7A688B009E2720 /* ezk_marathon_training */,
				D47884B91F7A688B009E2720 /* ezk_marathon_trainingTests */,
				D47884C41F7A688C009E2720 /* ezk_marathon_trainingUITests */,
			);
		};
/* End PBXProject section */

/* Begin PBXResourcesBuildPhase section */
		D47884A41F7A688B009E2720 /* Resources */ = {
			isa = PBXResourcesBuildPhase;
			buildActionMask = 2147483647;
			files = (
				D47884B41F7A688B009E2720 /* LaunchScreen.storyboard in Resources */,
				D40B93231F82206100FDD362 /* others.storyboard in Resources */,
				D40B93211F821F6E00FDD362 /* misson.storyboard in Resources */,
				D40B93251F82213F00FDD362 /* battle.storyboard in Resources */,
				D40B931F1F821C4900FDD362 /* ranking.storyboard in Resources */,
				D47884B11F7A688B009E2720 /* Assets.xcassets in Resources */,
				D47884AF1F7A688B009E2720 /* Main.storyboard in Resources */,
				D40B93271F82224B00FDD362 /* home.storyboard in Resources */,
			);
			runOnlyForDeploymentPostprocessing = 0;
		};
		D47884B81F7A688B009E2720 /* Resources */ = {
			isa = PBXResourcesBuildPhase;
			buildActionMask = 2147483647;
			files = (
			);
			runOnlyForDeploymentPostprocessing = 0;
		};
		D47884C31F7A688C009E2720 /* Resources */ = {
			isa = PBXResourcesBuildPhase;
			buildActionMask = 2147483647;
			files = (
			);
			runOnlyForDeploymentPostprocessing = 0;
		};
/* End PBXResourcesBuildPhase section */

/* Begin PBXShellScriptBuildPhase section */
		16FA40D91F52F8F2C6BC4294 /* [CP] Embed Pods Frameworks */ = {
			isa = PBXShellScriptBuildPhase;
			buildActionMask = 2147483647;
			files = (
			);
			inputPaths = (
			);
			name = "[CP] Embed Pods Frameworks";
			outputPaths = (
			);
			runOnlyForDeploymentPostprocessing = 0;
			shellPath = /bin/sh;
			shellScript = "\"${SRCROOT}/Pods/Target Support Files/Pods-ezk_marathon_trainingTests/Pods-ezk_marathon_trainingTests-frameworks.sh\"\n";
			showEnvVarsInLog = 0;
		};
		32FE4F92B37B2565C5AEAC0D /* [CP] Copy Pods Resources */ = {
			isa = PBXShellScriptBuildPhase;
			buildActionMask = 2147483647;
			files = (
			);
			inputPaths = (
			);
			name = "[CP] Copy Pods Resources";
			outputPaths = (
			);
			runOnlyForDeploymentPostprocessing = 0;
			shellPath = /bin/sh;
			shellScript = "\"${SRCROOT}/Pods/Target Support Files/Pods-ezk_marathon_trainingUITests/Pods-ezk_marathon_trainingUITests-resources.sh\"\n";
			showEnvVarsInLog = 0;
		};
		376DD5EAFA9C81FE7CDEEF65 /* [CP] Check Pods Manifest.lock */ = {
			isa = PBXShellScriptBuildPhase;
			buildActionMask = 2147483647;
			files = (
			);
			inputPaths = (
				"${PODS_PODFILE_DIR_PATH}/Podfile.lock",
				"${PODS_ROOT}/Manifest.lock",
			);
			name = "[CP] Check Pods Manifest.lock";
			outputPaths = (
				"$(DERIVED_FILE_DIR)/Pods-ezk_marathon_training-checkManifestLockResult.txt",
			);
			runOnlyForDeploymentPostprocessing = 0;
			shellPath = /bin/sh;
			shellScript = "diff \"${PODS_PODFILE_DIR_PATH}/Podfile.lock\" \"${PODS_ROOT}/Manifest.lock\" > /dev/null\nif [ $? != 0 ] ; then\n    # print error to STDERR\n    echo \"error: The sandbox is not in sync with the Podfile.lock. Run 'pod install' or update your CocoaPods installation.\" >&2\n    exit 1\nfi\n# This output is used by Xcode 'outputs' to avoid re-running this script phase.\necho \"SUCCESS\" > \"${SCRIPT_OUTPUT_FILE_0}\"\n";
			showEnvVarsInLog = 0;
		};
		4B1DFAF8F8D78BD54EFF23F3 /* [CP] Embed Pods Frameworks */ = {
			isa = PBXShellScriptBuildPhase;
			buildActionMask = 2147483647;
			files = (
			);
			inputPaths = (
				"${SRCROOT}/Pods/Target Support Files/Pods-ezk_marathon_training/Pods-ezk_marathon_training-frameworks.sh",
				"${BUILT_PRODUCTS_DIR}/PagingMenuController/PagingMenuController.framework",
			);
			name = "[CP] Embed Pods Frameworks";
			outputPaths = (
				"${TARGET_BUILD_DIR}/${FRAMEWORKS_FOLDER_PATH}/PagingMenuController.framework",
			);
			runOnlyForDeploymentPostprocessing = 0;
			shellPath = /bin/sh;
			shellScript = "\"${SRCROOT}/Pods/Target Support Files/Pods-ezk_marathon_training/Pods-ezk_marathon_training-frameworks.sh\"\n";
			showEnvVarsInLog = 0;
		};
		8D37806C7C9D09FE16227C0C /* [CP] Copy Pods Resources */ = {
			isa = PBXShellScriptBuildPhase;
			buildActionMask = 2147483647;
			files = (
			);
			inputPaths = (
			);
			name = "[CP] Copy Pods Resources";
			outputPaths = (
			);
			runOnlyForDeploymentPostprocessing = 0;
			shellPath = /bin/sh;
			shellScript = "\"${SRCROOT}/Pods/Target Support Files/Pods-ezk_marathon_trainingTests/Pods-ezk_marathon_trainingTests-resources.sh\"\n";
			showEnvVarsInLog = 0;
		};
		BEBAEEA410426EDC630AFE17 /* [CP] Check Pods Manifest.lock */ = {
			isa = PBXShellScriptBuildPhase;
			buildActionMask = 2147483647;
			files = (
			);
			inputPaths = (
				"${PODS_PODFILE_DIR_PATH}/Podfile.lock",
				"${PODS_ROOT}/Manifest.lock",
			);
			name = "[CP] Check Pods Manifest.lock";
			outputPaths = (
				"$(DERIVED_FILE_DIR)/Pods-ezk_marathon_trainingUITests-checkManifestLockResult.txt",
			);
			runOnlyForDeploymentPostprocessing = 0;
			shellPath = /bin/sh;
			shellScript = "diff \"${PODS_PODFILE_DIR_PATH}/Podfile.lock\" \"${PODS_ROOT}/Manifest.lock\" > /dev/null\nif [ $? != 0 ] ; then\n    # print error to STDERR\n    echo \"error: The sandbox is not in sync with the Podfile.lock. Run 'pod install' or update your CocoaPods installation.\" >&2\n    exit 1\nfi\n# This output is used by Xcode 'outputs' to avoid re-running this script phase.\necho \"SUCCESS\" > \"${SCRIPT_OUTPUT_FILE_0}\"\n";
			showEnvVarsInLog = 0;
		};
		DDFA8A5C4E3D9FC9E82DCFB8 /* [CP] Copy Pods Resources */ = {
			isa = PBXShellScriptBuildPhase;
			buildActionMask = 2147483647;
			files = (
			);
			inputPaths = (
			);
			name = "[CP] Copy Pods Resources";
			outputPaths = (
			);
			runOnlyForDeploymentPostprocessing = 0;
			shellPath = /bin/sh;
			shellScript = "\"${SRCROOT}/Pods/Target Support Files/Pods-ezk_marathon_training/Pods-ezk_marathon_training-resources.sh\"\n";
			showEnvVarsInLog = 0;
		};
		F47DE4CB7083739C8436C105 /* [CP] Embed Pods Frameworks */ = {
			isa = PBXShellScriptBuildPhase;
			buildActionMask = 2147483647;
			files = (
			);
			inputPaths = (
			);
			name = "[CP] Embed Pods Frameworks";
			outputPaths = (
			);
			runOnlyForDeploymentPostprocessing = 0;
			shellPath = /bin/sh;
			shellScript = "\"${SRCROOT}/Pods/Target Support Files/Pods-ezk_marathon_trainingUITests/Pods-ezk_marathon_trainingUITests-frameworks.sh\"\n";
			showEnvVarsInLog = 0;
		};
		F9C7161A8A6585453FEB60B8 /* [CP] Check Pods Manifest.lock */ = {
			isa = PBXShellScriptBuildPhase;
			buildActionMask = 2147483647;
			files = (
			);
			inputPaths = (
				"${PODS_PODFILE_DIR_PATH}/Podfile.lock",
				"${PODS_ROOT}/Manifest.lock",
			);
			name = "[CP] Check Pods Manifest.lock";
			outputPaths = (
				"$(DERIVED_FILE_DIR)/Pods-ezk_marathon_trainingTests-checkManifestLockResult.txt",
			);
			runOnlyForDeploymentPostprocessing = 0;
			shellPath = /bin/sh;
			shellScript = "diff \"${PODS_PODFILE_DIR_PATH}/Podfile.lock\" \"${PODS_ROOT}/Manifest.lock\" > /dev/null\nif [ $? != 0 ] ; then\n    # print error to STDERR\n    echo \"error: The sandbox is not in sync with the Podfile.lock. Run 'pod install' or update your CocoaPods installation.\" >&2\n    exit 1\nfi\n# This output is used by Xcode 'outputs' to avoid re-running this script phase.\necho \"SUCCESS\" > \"${SCRIPT_OUTPUT_FILE_0}\"\n";
			showEnvVarsInLog = 0;
		};
/* End PBXShellScriptBuildPhase section */

/* Begin PBXSourcesBuildPhase section */
		D47884A21F7A688B009E2720 /* Sources */ = {
			isa = PBXSourcesBuildPhase;
			buildActionMask = 2147483647;
			files = (
				D47884AC1F7A688B009E2720 /* ViewController.swift in Sources */,
				D47884AA1F7A688B009E2720 /* AppDelegate.swift in Sources */,
				C49D42BB1F82425900051D5A /* DairyMissionViewController.swift in Sources */,
				C49D42BC1F82425900051D5A /* MissionViewController.swift in Sources */,
				D42668681F7E5A2A00E02A1B /* Gamescene_home.swift in Sources */,
			);
			runOnlyForDeploymentPostprocessing = 0;
		};
		D47884B61F7A688B009E2720 /* Sources */ = {
			isa = PBXSourcesBuildPhase;
			buildActionMask = 2147483647;
			files = (
				D47884BF1F7A688C009E2720 /* ezk_marathon_trainingTests.swift in Sources */,
			);
			runOnlyForDeploymentPostprocessing = 0;
		};
		D47884C11F7A688C009E2720 /* Sources */ = {
			isa = PBXSourcesBuildPhase;
			buildActionMask = 2147483647;
			files = (
				D47884CA1F7A688C009E2720 /* ezk_marathon_trainingUITests.swift in Sources */,
			);
			runOnlyForDeploymentPostprocessing = 0;
		};
/* End PBXSourcesBuildPhase section */

/* Begin PBXTargetDependency section */
		D47884BC1F7A688C009E2720 /* PBXTargetDependency */ = {
			isa = PBXTargetDependency;
			target = D47884A51F7A688B009E2720 /* ezk_marathon_training */;
			targetProxy = D47884BB1F7A688C009E2720 /* PBXContainerItemProxy */;
		};
		D47884C71F7A688C009E2720 /* PBXTargetDependency */ = {
			isa = PBXTargetDependency;
			target = D47884A51F7A688B009E2720 /* ezk_marathon_training */;
			targetProxy = D47884C61F7A688C009E2720 /* PBXContainerItemProxy */;
		};
/* End PBXTargetDependency section */

/* Begin PBXVariantGroup section */
		D47884AD1F7A688B009E2720 /* Main.storyboard */ = {
			isa = PBXVariantGroup;
			children = (
				D47884AE1F7A688B009E2720 /* Base */,
			);
			name = Main.storyboard;
			sourceTree = "<group>";
		};
		D47884B21F7A688B009E2720 /* LaunchScreen.storyboard */ = {
			isa = PBXVariantGroup;
			children = (
				D47884B31F7A688B009E2720 /* Base */,
			);
			name = LaunchScreen.storyboard;
			sourceTree = "<group>";
		};
/* End PBXVariantGroup section */

/* Begin XCBuildConfiguration section */
		D47884CC1F7A688C009E2720 /* Debug */ = {
			isa = XCBuildConfiguration;
			buildSettings = {
				ALWAYS_SEARCH_USER_PATHS = NO;
				CLANG_ANALYZER_NONNULL = YES;
				CLANG_ANALYZER_NUMBER_OBJECT_CONVERSION = YES_AGGRESSIVE;
				CLANG_CXX_LANGUAGE_STANDARD = "gnu++0x";
				CLANG_CXX_LIBRARY = "libc++";
				CLANG_ENABLE_MODULES = YES;
				CLANG_ENABLE_OBJC_ARC = YES;
				CLANG_WARN_BOOL_CONVERSION = YES;
				CLANG_WARN_CONSTANT_CONVERSION = YES;
				CLANG_WARN_DIRECT_OBJC_ISA_USAGE = YES_ERROR;
				CLANG_WARN_DOCUMENTATION_COMMENTS = YES;
				CLANG_WARN_EMPTY_BODY = YES;
				CLANG_WARN_ENUM_CONVERSION = YES;
				CLANG_WARN_INFINITE_RECURSION = YES;
				CLANG_WARN_INT_CONVERSION = YES;
				CLANG_WARN_OBJC_ROOT_CLASS = YES_ERROR;
				CLANG_WARN_SUSPICIOUS_MOVE = YES;
				CLANG_WARN_UNREACHABLE_CODE = YES;
				CLANG_WARN__DUPLICATE_METHOD_MATCH = YES;
				"CODE_SIGN_IDENTITY[sdk=iphoneos*]" = "iPhone Developer";
				COPY_PHASE_STRIP = NO;
				DEBUG_INFORMATION_FORMAT = dwarf;
				ENABLE_STRICT_OBJC_MSGSEND = YES;
				ENABLE_TESTABILITY = YES;
				GCC_C_LANGUAGE_STANDARD = gnu99;
				GCC_DYNAMIC_NO_PIC = NO;
				GCC_NO_COMMON_BLOCKS = YES;
				GCC_OPTIMIZATION_LEVEL = 0;
				GCC_PREPROCESSOR_DEFINITIONS = (
					"DEBUG=1",
					"$(inherited)",
				);
				GCC_WARN_64_TO_32_BIT_CONVERSION = YES;
				GCC_WARN_ABOUT_RETURN_TYPE = YES_ERROR;
				GCC_WARN_UNDECLARED_SELECTOR = YES;
				GCC_WARN_UNINITIALIZED_AUTOS = YES_AGGRESSIVE;
				GCC_WARN_UNUSED_FUNCTION = YES;
				GCC_WARN_UNUSED_VARIABLE = YES;
				IPHONEOS_DEPLOYMENT_TARGET = 10.3;
				MTL_ENABLE_DEBUG_INFO = YES;
				ONLY_ACTIVE_ARCH = YES;
				SDKROOT = iphoneos;
				SWIFT_ACTIVE_COMPILATION_CONDITIONS = DEBUG;
				SWIFT_OPTIMIZATION_LEVEL = "-Onone";
				TARGETED_DEVICE_FAMILY = "1,2";
			};
			name = Debug;
		};
		D47884CD1F7A688C009E2720 /* Release */ = {
			isa = XCBuildConfiguration;
			buildSettings = {
				ALWAYS_SEARCH_USER_PATHS = NO;
				CLANG_ANALYZER_NONNULL = YES;
				CLANG_ANALYZER_NUMBER_OBJECT_CONVERSION = YES_AGGRESSIVE;
				CLANG_CXX_LANGUAGE_STANDARD = "gnu++0x";
				CLANG_CXX_LIBRARY = "libc++";
				CLANG_ENABLE_MODULES = YES;
				CLANG_ENABLE_OBJC_ARC = YES;
				CLANG_WARN_BOOL_CONVERSION = YES;
				CLANG_WARN_CONSTANT_CONVERSION = YES;
				CLANG_WARN_DIRECT_OBJC_ISA_USAGE = YES_ERROR;
				CLANG_WARN_DOCUMENTATION_COMMENTS = YES;
				CLANG_WARN_EMPTY_BODY = YES;
				CLANG_WARN_ENUM_CONVERSION = YES;
				CLANG_WARN_INFINITE_RECURSION = YES;
				CLANG_WARN_INT_CONVERSION = YES;
				CLANG_WARN_OBJC_ROOT_CLASS = YES_ERROR;
				CLANG_WARN_SUSPICIOUS_MOVE = YES;
				CLANG_WARN_UNREACHABLE_CODE = YES;
				CLANG_WARN__DUPLICATE_METHOD_MATCH = YES;
				"CODE_SIGN_IDENTITY[sdk=iphoneos*]" = "iPhone Developer";
				COPY_PHASE_STRIP = NO;
				DEBUG_INFORMATION_FORMAT = "dwarf-with-dsym";
				ENABLE_NS_ASSERTIONS = NO;
				ENABLE_STRICT_OBJC_MSGSEND = YES;
				GCC_C_LANGUAGE_STANDARD = gnu99;
				GCC_NO_COMMON_BLOCKS = YES;
				GCC_WARN_64_TO_32_BIT_CONVERSION = YES;
				GCC_WARN_ABOUT_RETURN_TYPE = YES_ERROR;
				GCC_WARN_UNDECLARED_SELECTOR = YES;
				GCC_WARN_UNINITIALIZED_AUTOS = YES_AGGRESSIVE;
				GCC_WARN_UNUSED_FUNCTION = YES;
				GCC_WARN_UNUSED_VARIABLE = YES;
				IPHONEOS_DEPLOYMENT_TARGET = 10.3;
				MTL_ENABLE_DEBUG_INFO = NO;
				SDKROOT = iphoneos;
				SWIFT_OPTIMIZATION_LEVEL = "-Owholemodule";
				TARGETED_DEVICE_FAMILY = "1,2";
				VALIDATE_PRODUCT = YES;
			};
			name = Release;
		};
		D47884CF1F7A688C009E2720 /* Debug */ = {
			isa = XCBuildConfiguration;
			baseConfigurationReference = AF0674828A42E0F3C0103950 /* Pods-ezk_marathon_training.debug.xcconfig */;
			buildSettings = {
				ASSETCATALOG_COMPILER_APPICON_NAME = AppIcon;
				"CODE_SIGN_IDENTITY[sdk=iphoneos*]" = "iPhone Developer";
				DEVELOPMENT_TEAM = "";
				INFOPLIST_FILE = ezk_marathon_training/Info.plist;
				IPHONEOS_DEPLOYMENT_TARGET = 10.1;
				LD_RUNPATH_SEARCH_PATHS = "$(inherited) @executable_path/Frameworks";
				PRODUCT_BUNDLE_IDENTIFIER = "com.ezk-marathon.ezk-marathon-training";
				PRODUCT_NAME = "$(TARGET_NAME)";
				SWIFT_VERSION = 3.0;
			};
			name = Debug;
		};
		D47884D01F7A688C009E2720 /* Release */ = {
			isa = XCBuildConfiguration;
			baseConfigurationReference = 695C238AB18095805423FC3C /* Pods-ezk_marathon_training.release.xcconfig */;
			buildSettings = {
				ASSETCATALOG_COMPILER_APPICON_NAME = AppIcon;
				"CODE_SIGN_IDENTITY[sdk=iphoneos*]" = "iPhone Developer";
				DEVELOPMENT_TEAM = "";
				INFOPLIST_FILE = ezk_marathon_training/Info.plist;
				IPHONEOS_DEPLOYMENT_TARGET = 10.1;
				LD_RUNPATH_SEARCH_PATHS = "$(inherited) @executable_path/Frameworks";
				PRODUCT_BUNDLE_IDENTIFIER = "com.ezk-marathon.ezk-marathon-training";
				PRODUCT_NAME = "$(TARGET_NAME)";
				SWIFT_VERSION = 3.0;
			};
			name = Release;
		};
		D47884D21F7A688C009E2720 /* Debug */ = {
			isa = XCBuildConfiguration;
			baseConfigurationReference = D1F172567EA0ED8A3F0B28A3 /* Pods-ezk_marathon_trainingTests.debug.xcconfig */;
			buildSettings = {
				ALWAYS_EMBED_SWIFT_STANDARD_LIBRARIES = YES;
				BUNDLE_LOADER = "$(TEST_HOST)";
				INFOPLIST_FILE = ezk_marathon_trainingTests/Info.plist;
				LD_RUNPATH_SEARCH_PATHS = "$(inherited) @executable_path/Frameworks @loader_path/Frameworks";
				PRODUCT_BUNDLE_IDENTIFIER = "com.ezk-marathon.ezk-marathon-trainingTests";
				PRODUCT_NAME = "$(TARGET_NAME)";
				SWIFT_VERSION = 3.0;
				TEST_HOST = "$(BUILT_PRODUCTS_DIR)/ezk_marathon_training.app/ezk_marathon_training";
			};
			name = Debug;
		};
		D47884D31F7A688C009E2720 /* Release */ = {
			isa = XCBuildConfiguration;
			baseConfigurationReference = A71FF69C2D73C315496422DC /* Pods-ezk_marathon_trainingTests.release.xcconfig */;
			buildSettings = {
				ALWAYS_EMBED_SWIFT_STANDARD_LIBRARIES = YES;
				BUNDLE_LOADER = "$(TEST_HOST)";
				INFOPLIST_FILE = ezk_marathon_trainingTests/Info.plist;
				LD_RUNPATH_SEARCH_PATHS = "$(inherited) @executable_path/Frameworks @loader_path/Frameworks";
				PRODUCT_BUNDLE_IDENTIFIER = "com.ezk-marathon.ezk-marathon-trainingTests";
				PRODUCT_NAME = "$(TARGET_NAME)";
				SWIFT_VERSION = 3.0;
				TEST_HOST = "$(BUILT_PRODUCTS_DIR)/ezk_marathon_training.app/ezk_marathon_training";
			};
			name = Release;
		};
		D47884D51F7A688C009E2720 /* Debug */ = {
			isa = XCBuildConfiguration;
			baseConfigurationReference = F6F45B1A80D4940C2697C6F4 /* Pods-ezk_marathon_trainingUITests.debug.xcconfig */;
			buildSettings = {
				ALWAYS_EMBED_SWIFT_STANDARD_LIBRARIES = YES;
				INFOPLIST_FILE = ezk_marathon_trainingUITests/Info.plist;
				LD_RUNPATH_SEARCH_PATHS = "$(inherited) @executable_path/Frameworks @loader_path/Frameworks";
				PRODUCT_BUNDLE_IDENTIFIER = "com.ezk-marathon.ezk-marathon-trainingUITests";
				PRODUCT_NAME = "$(TARGET_NAME)";
				SWIFT_VERSION = 3.0;
				TEST_TARGET_NAME = ezk_marathon_training;
			};
			name = Debug;
		};
		D47884D61F7A688C009E2720 /* Release */ = {
			isa = XCBuildConfiguration;
			baseConfigurationReference = 9FCF60A3D9EBE7D3AB522A99 /* Pods-ezk_marathon_trainingUITests.release.xcconfig */;
			buildSettings = {
				ALWAYS_EMBED_SWIFT_STANDARD_LIBRARIES = YES;
				INFOPLIST_FILE = ezk_marathon_trainingUITests/Info.plist;
				LD_RUNPATH_SEARCH_PATHS = "$(inherited) @executable_path/Frameworks @loader_path/Frameworks";
				PRODUCT_BUNDLE_IDENTIFIER = "com.ezk-marathon.ezk-marathon-trainingUITests";
				PRODUCT_NAME = "$(TARGET_NAME)";
				SWIFT_VERSION = 3.0;
				TEST_TARGET_NAME = ezk_marathon_training;
			};
			name = Release;
		};
/* End XCBuildConfiguration section */

/* Begin XCConfigurationList section */
		D47884A11F7A688B009E2720 /* Build configuration list for PBXProject "ezk_marathon_training" */ = {
			isa = XCConfigurationList;
			buildConfigurations = (
				D47884CC1F7A688C009E2720 /* Debug */,
				D47884CD1F7A688C009E2720 /* Release */,
			);
			defaultConfigurationIsVisible = 0;
			defaultConfigurationName = Release;
		};
		D47884CE1F7A688C009E2720 /* Build configuration list for PBXNativeTarget "ezk_marathon_training" */ = {
			isa = XCConfigurationList;
			buildConfigurations = (
				D47884CF1F7A688C009E2720 /* Debug */,
				D47884D01F7A688C009E2720 /* Release */,
			);
			defaultConfigurationIsVisible = 0;
			defaultConfigurationName = Release;
		};
		D47884D11F7A688C009E2720 /* Build configuration list for PBXNativeTarget "ezk_marathon_trainingTests" */ = {
			isa = XCConfigurationList;
			buildConfigurations = (
				D47884D21F7A688C009E2720 /* Debug */,
				D47884D31F7A688C009E2720 /* Release */,
			);
			defaultConfigurationIsVisible = 0;
			defaultConfigurationName = Release;
		};
		D47884D41F7A688C009E2720 /* Build configuration list for PBXNativeTarget "ezk_marathon_trainingUITests" */ = {
			isa = XCConfigurationList;
			buildConfigurations = (
				D47884D51F7A688C009E2720 /* Debug */,
				D47884D61F7A688C009E2720 /* Release */,
			);
			defaultConfigurationIsVisible = 0;
			defaultConfigurationName = Release;
		};
/* End XCConfigurationList section */
	};
	rootObject = D478849E1F7A688B009E2720 /* Project object */;
}
